// !$*UTF8*$!
{
	archiveVersion = 1;
	classes = {
	};
	objectVersion = 55;
	objects = {

/* Begin PBXBuildFile section */
		659976342807F377002A58D0 /* Tests_iOS.swift in Sources */ = {isa = PBXBuildFile; fileRef = 659976332807F377002A58D0 /* Tests_iOS.swift */; };
		659976362807F377002A58D0 /* Tests_iOSLaunchTests.swift in Sources */ = {isa = PBXBuildFile; fileRef = 659976352807F377002A58D0 /* Tests_iOSLaunchTests.swift */; };
		659976402807F377002A58D0 /* Tests_macOS.swift in Sources */ = {isa = PBXBuildFile; fileRef = 6599763F2807F377002A58D0 /* Tests_macOS.swift */; };
		659976422807F377002A58D0 /* Tests_macOSLaunchTests.swift in Sources */ = {isa = PBXBuildFile; fileRef = 659976412807F377002A58D0 /* Tests_macOSLaunchTests.swift */; };
		659976432807F377002A58D0 /* cameraScannerIIIApp.swift in Sources */ = {isa = PBXBuildFile; fileRef = 6599761B2807F376002A58D0 /* cameraScannerIIIApp.swift */; };
		659976442807F377002A58D0 /* cameraScannerIIIApp.swift in Sources */ = {isa = PBXBuildFile; fileRef = 6599761B2807F376002A58D0 /* cameraScannerIIIApp.swift */; };
		659976452807F377002A58D0 /* ContentView.swift in Sources */ = {isa = PBXBuildFile; fileRef = 6599761C2807F376002A58D0 /* ContentView.swift */; };
		659976462807F377002A58D0 /* ContentView.swift in Sources */ = {isa = PBXBuildFile; fileRef = 6599761C2807F376002A58D0 /* ContentView.swift */; };
		659976472807F377002A58D0 /* Assets.xcassets in Resources */ = {isa = PBXBuildFile; fileRef = 6599761D2807F377002A58D0 /* Assets.xcassets */; };
		659976482807F377002A58D0 /* Assets.xcassets in Resources */ = {isa = PBXBuildFile; fileRef = 6599761D2807F377002A58D0 /* Assets.xcassets */; };
/* End PBXBuildFile section */

/* Begin PBXContainerItemProxy section */
		659976302807F377002A58D0 /* PBXContainerItemProxy */ = {
			isa = PBXContainerItemProxy;
			containerPortal = 659976162807F376002A58D0 /* Project object */;
			proxyType = 1;
			remoteGlobalIDString = 659976212807F377002A58D0;
			remoteInfo = "cameraScannerIII (iOS)";
		};
		6599763C2807F377002A58D0 /* PBXContainerItemProxy */ = {
			isa = PBXContainerItemProxy;
			containerPortal = 659976162807F376002A58D0 /* Project object */;
			proxyType = 1;
			remoteGlobalIDString = 659976272807F377002A58D0;
			remoteInfo = "cameraScannerIII (macOS)";
		};
/* End PBXContainerItemProxy section */

/* Begin PBXFileReference section */
		6599761B2807F376002A58D0 /* cameraScannerIIIApp.swift */ = {isa = PBXFileReference; lastKnownFileType = sourcecode.swift; path = cameraScannerIIIApp.swift; sourceTree = "<group>"; };
		6599761C2807F376002A58D0 /* ContentView.swift */ = {isa = PBXFileReference; lastKnownFileType = sourcecode.swift; path = ContentView.swift; sourceTree = "<group>"; };
		6599761D2807F377002A58D0 /* Assets.xcassets */ = {isa = PBXFileReference; lastKnownFileType = folder.assetcatalog; path = Assets.xcassets; sourceTree = "<group>"; };
		659976222807F377002A58D0 /* cameraScannerIII.app */ = {isa = PBXFileReference; explicitFileType = wrapper.application; includeInIndex = 0; path = cameraScannerIII.app; sourceTree = BUILT_PRODUCTS_DIR; };
		659976282807F377002A58D0 /* cameraScannerIII.app */ = {isa = PBXFileReference; explicitFileType = wrapper.application; includeInIndex = 0; path = cameraScannerIII.app; sourceTree = BUILT_PRODUCTS_DIR; };
		6599762A2807F377002A58D0 /* macOS.entitlements */ = {isa = PBXFileReference; lastKnownFileType = text.plist.entitlements; path = macOS.entitlements; sourceTree = "<group>"; };
		6599762F2807F377002A58D0 /* Tests iOS.xctest */ = {isa = PBXFileReference; explicitFileType = wrapper.cfbundle; includeInIndex = 0; path = "Tests iOS.xctest"; sourceTree = BUILT_PRODUCTS_DIR; };
		659976332807F377002A58D0 /* Tests_iOS.swift */ = {isa = PBXFileReference; lastKnownFileType = sourcecode.swift; path = Tests_iOS.swift; sourceTree = "<group>"; };
		659976352807F377002A58D0 /* Tests_iOSLaunchTests.swift */ = {isa = PBXFileReference; lastKnownFileType = sourcecode.swift; path = Tests_iOSLaunchTests.swift; sourceTree = "<group>"; };
		6599763B2807F377002A58D0 /* Tests macOS.xctest */ = {isa = PBXFileReference; explicitFileType = wrapper.cfbundle; includeInIndex = 0; path = "Tests macOS.xctest"; sourceTree = BUILT_PRODUCTS_DIR; };
		6599763F2807F377002A58D0 /* Tests_macOS.swift */ = {isa = PBXFileReference; lastKnownFileType = sourcecode.swift; path = Tests_macOS.swift; sourceTree = "<group>"; };
		659976412807F377002A58D0 /* Tests_macOSLaunchTests.swift */ = {isa = PBXFileReference; lastKnownFileType = sourcecode.swift; path = Tests_macOSLaunchTests.swift; sourceTree = "<group>"; };
/* End PBXFileReference section */

/* Begin PBXFrameworksBuildPhase section */
		6599761F2807F377002A58D0 /* Frameworks */ = {
			isa = PBXFrameworksBuildPhase;
			buildActionMask = 2147483647;
			files = (
			);
			runOnlyForDeploymentPostprocessing = 0;
		};
		659976252807F377002A58D0 /* Frameworks */ = {
			isa = PBXFrameworksBuildPhase;
			buildActionMask = 2147483647;
			files = (
			);
			runOnlyForDeploymentPostprocessing = 0;
		};
		6599762C2807F377002A58D0 /* Frameworks */ = {
			isa = PBXFrameworksBuildPhase;
			buildActionMask = 2147483647;
			files = (
			);
			runOnlyForDeploymentPostprocessing = 0;
		};
		659976382807F377002A58D0 /* Frameworks */ = {
			isa = PBXFrameworksBuildPhase;
			buildActionMask = 2147483647;
			files = (
			);
			runOnlyForDeploymentPostprocessing = 0;
		};
/* End PBXFrameworksBuildPhase section */

/* Begin PBXGroup section */
		659976152807F376002A58D0 = {
			isa = PBXGroup;
			children = (
				6599761A2807F376002A58D0 /* Shared */,
				659976292807F377002A58D0 /* macOS */,
				659976322807F377002A58D0 /* Tests iOS */,
				6599763E2807F377002A58D0 /* Tests macOS */,
				659976232807F377002A58D0 /* Products */,
			);
			sourceTree = "<group>";
		};
		6599761A2807F376002A58D0 /* Shared */ = {
			isa = PBXGroup;
			children = (
				6599761B2807F376002A58D0 /* cameraScannerIIIApp.swift */,
				6599761C2807F376002A58D0 /* ContentView.swift */,
				6599761D2807F377002A58D0 /* Assets.xcassets */,
			);
			path = Shared;
			sourceTree = "<group>";
		};
		659976232807F377002A58D0 /* Products */ = {
			isa = PBXGroup;
			children = (
				659976222807F377002A58D0 /* cameraScannerIII.app */,
				659976282807F377002A58D0 /* cameraScannerIII.app */,
				6599762F2807F377002A58D0 /* Tests iOS.xctest */,
				6599763B2807F377002A58D0 /* Tests macOS.xctest */,
			);
			name = Products;
			sourceTree = "<group>";
		};
		659976292807F377002A58D0 /* macOS */ = {
			isa = PBXGroup;
			children = (
				6599762A2807F377002A58D0 /* macOS.entitlements */,
			);
			path = macOS;
			sourceTree = "<group>";
		};
		659976322807F377002A58D0 /* Tests iOS */ = {
			isa = PBXGroup;
			children = (
				659976332807F377002A58D0 /* Tests_iOS.swift */,
				659976352807F377002A58D0 /* Tests_iOSLaunchTests.swift */,
			);
			path = "Tests iOS";
			sourceTree = "<group>";
		};
		6599763E2807F377002A58D0 /* Tests macOS */ = {
			isa = PBXGroup;
			children = (
				6599763F2807F377002A58D0 /* Tests_macOS.swift */,
				659976412807F377002A58D0 /* Tests_macOSLaunchTests.swift */,
			);
			path = "Tests macOS";
			sourceTree = "<group>";
		};
/* End PBXGroup section */

/* Begin PBXNativeTarget section */
		659976212807F377002A58D0 /* cameraScannerIII (iOS) */ = {
			isa = PBXNativeTarget;
			buildConfigurationList = 6599764B2807F377002A58D0 /* Build configuration list for PBXNativeTarget "cameraScannerIII (iOS)" */;
			buildPhases = (
				6599761E2807F377002A58D0 /* Sources */,
				6599761F2807F377002A58D0 /* Frameworks */,
				659976202807F377002A58D0 /* Resources */,
			);
			buildRules = (
			);
			dependencies = (
			);
			name = "cameraScannerIII (iOS)";
			productName = "cameraScannerIII (iOS)";
			productReference = 659976222807F377002A58D0 /* cameraScannerIII.app */;
			productType = "com.apple.product-type.application";
		};
		659976272807F377002A58D0 /* cameraScannerIII (macOS) */ = {
			isa = PBXNativeTarget;
			buildConfigurationList = 6599764E2807F377002A58D0 /* Build configuration list for PBXNativeTarget "cameraScannerIII (macOS)" */;
			buildPhases = (
				659976242807F377002A58D0 /* Sources */,
				659976252807F377002A58D0 /* Frameworks */,
				659976262807F377002A58D0 /* Resources */,
			);
			buildRules = (
			);
			dependencies = (
			);
			name = "cameraScannerIII (macOS)";
			productName = "cameraScannerIII (macOS)";
			productReference = 659976282807F377002A58D0 /* cameraScannerIII.app */;
			productType = "com.apple.product-type.application";
		};
		6599762E2807F377002A58D0 /* Tests iOS */ = {
			isa = PBXNativeTarget;
			buildConfigurationList = 659976512807F377002A58D0 /* Build configuration list for PBXNativeTarget "Tests iOS" */;
			buildPhases = (
				6599762B2807F377002A58D0 /* Sources */,
				6599762C2807F377002A58D0 /* Frameworks */,
				6599762D2807F377002A58D0 /* Resources */,
			);
			buildRules = (
			);
			dependencies = (
				659976312807F377002A58D0 /* PBXTargetDependency */,
			);
			name = "Tests iOS";
			productName = "Tests iOS";
			productReference = 6599762F2807F377002A58D0 /* Tests iOS.xctest */;
			productType = "com.apple.product-type.bundle.ui-testing";
		};
		6599763A2807F377002A58D0 /* Tests macOS */ = {
			isa = PBXNativeTarget;
			buildConfigurationList = 659976542807F377002A58D0 /* Build configuration list for PBXNativeTarget "Tests macOS" */;
			buildPhases = (
				659976372807F377002A58D0 /* Sources */,
				659976382807F377002A58D0 /* Frameworks */,
				659976392807F377002A58D0 /* Resources */,
			);
			buildRules = (
			);
			dependencies = (
				6599763D2807F377002A58D0 /* PBXTargetDependency */,
			);
			name = "Tests macOS";
			productName = "Tests macOS";
			productReference = 6599763B2807F377002A58D0 /* Tests macOS.xctest */;
			productType = "com.apple.product-type.bundle.ui-testing";
		};
/* End PBXNativeTarget section */

/* Begin PBXProject section */
		659976162807F376002A58D0 /* Project object */ = {
			isa = PBXProject;
			attributes = {
				BuildIndependentTargetsInParallel = 1;
				LastSwiftUpdateCheck = 1330;
				LastUpgradeCheck = 1330;
				TargetAttributes = {
					659976212807F377002A58D0 = {
						CreatedOnToolsVersion = 13.3;
					};
					659976272807F377002A58D0 = {
						CreatedOnToolsVersion = 13.3;
					};
					6599762E2807F377002A58D0 = {
						CreatedOnToolsVersion = 13.3;
						TestTargetID = 659976212807F377002A58D0;
					};
					6599763A2807F377002A58D0 = {
						CreatedOnToolsVersion = 13.3;
						TestTargetID = 659976272807F377002A58D0;
					};
				};
			};
			buildConfigurationList = 659976192807F376002A58D0 /* Build configuration list for PBXProject "cameraScannerIII" */;
			compatibilityVersion = "Xcode 13.0";
			developmentRegion = en;
			hasScannedForEncodings = 0;
			knownRegions = (
				en,
				Base,
			);
			mainGroup = 659976152807F376002A58D0;
			productRefGroup = 659976232807F377002A58D0 /* Products */;
			projectDirPath = "";
			projectRoot = "";
			targets = (
				659976212807F377002A58D0 /* cameraScannerIII (iOS) */,
				659976272807F377002A58D0 /* cameraScannerIII (macOS) */,
				6599762E2807F377002A58D0 /* Tests iOS */,
				6599763A2807F377002A58D0 /* Tests macOS */,
			);
		};
/* End PBXProject section */

/* Begin PBXResourcesBuildPhase section */
		659976202807F377002A58D0 /* Resources */ = {
			isa = PBXResourcesBuildPhase;
			buildActionMask = 2147483647;
			files = (
				659976472807F377002A58D0 /* Assets.xcassets in Resources */,
			);
			runOnlyForDeploymentPostprocessing = 0;
		};
		659976262807F377002A58D0 /* Resources */ = {
			isa = PBXResourcesBuildPhase;
			buildActionMask = 2147483647;
			files = (
				659976482807F377002A58D0 /* Assets.xcassets in Resources */,
			);
			runOnlyForDeploymentPostprocessing = 0;
		};
		6599762D2807F377002A58D0 /* Resources */ = {
			isa = PBXResourcesBuildPhase;
			buildActionMask = 2147483647;
			files = (
			);
			runOnlyForDeploymentPostprocessing = 0;
		};
		659976392807F377002A58D0 /* Resources */ = {
			isa = PBXResourcesBuildPhase;
			buildActionMask = 2147483647;
			files = (
			);
			runOnlyForDeploymentPostprocessing = 0;
		};
/* End PBXResourcesBuildPhase section */

/* Begin PBXSourcesBuildPhase section */
		6599761E2807F377002A58D0 /* Sources */ = {
			isa = PBXSourcesBuildPhase;
			buildActionMask = 2147483647;
			files = (
				659976452807F377002A58D0 /* ContentView.swift in Sources */,
				659976432807F377002A58D0 /* cameraScannerIIIApp.swift in Sources */,
			);
			runOnlyForDeploymentPostprocessing = 0;
		};
		659976242807F377002A58D0 /* Sources */ = {
			isa = PBXSourcesBuildPhase;
			buildActionMask = 2147483647;
			files = (
				659976462807F377002A58D0 /* ContentView.swift in Sources */,
				659976442807F377002A58D0 /* cameraScannerIIIApp.swift in Sources */,
			);
			runOnlyForDeploymentPostprocessing = 0;
		};
		6599762B2807F377002A58D0 /* Sources */ = {
			isa = PBXSourcesBuildPhase;
			buildActionMask = 2147483647;
			files = (
				659976362807F377002A58D0 /* Tests_iOSLaunchTests.swift in Sources */,
				659976342807F377002A58D0 /* Tests_iOS.swift in Sources */,
			);
			runOnlyForDeploymentPostprocessing = 0;
		};
		659976372807F377002A58D0 /* Sources */ = {
			isa = PBXSourcesBuildPhase;
			buildActionMask = 2147483647;
			files = (
				659976422807F377002A58D0 /* Tests_macOSLaunchTests.swift in Sources */,
				659976402807F377002A58D0 /* Tests_macOS.swift in Sources */,
			);
			runOnlyForDeploymentPostprocessing = 0;
		};
/* End PBXSourcesBuildPhase section */

/* Begin PBXTargetDependency section */
		659976312807F377002A58D0 /* PBXTargetDependency */ = {
			isa = PBXTargetDependency;
			target = 659976212807F377002A58D0 /* cameraScannerIII (iOS) */;
			targetProxy = 659976302807F377002A58D0 /* PBXContainerItemProxy */;
		};
		6599763D2807F377002A58D0 /* PBXTargetDependency */ = {
			isa = PBXTargetDependency;
			target = 659976272807F377002A58D0 /* cameraScannerIII (macOS) */;
			targetProxy = 6599763C2807F377002A58D0 /* PBXContainerItemProxy */;
		};
/* End PBXTargetDependency section */

/* Begin XCBuildConfiguration section */
		659976492807F377002A58D0 /* Debug */ = {
			isa = XCBuildConfiguration;
			buildSettings = {
				ALWAYS_SEARCH_USER_PATHS = NO;
				CLANG_ANALYZER_NONNULL = YES;
				CLANG_ANALYZER_NUMBER_OBJECT_CONVERSION = YES_AGGRESSIVE;
				CLANG_CXX_LANGUAGE_STANDARD = "gnu++17";
				CLANG_ENABLE_MODULES = YES;
				CLANG_ENABLE_OBJC_ARC = YES;
				CLANG_ENABLE_OBJC_WEAK = YES;
				CLANG_WARN_BLOCK_CAPTURE_AUTORELEASING = YES;
				CLANG_WARN_BOOL_CONVERSION = YES;
				CLANG_WARN_COMMA = YES;
				CLANG_WARN_CONSTANT_CONVERSION = YES;
				CLANG_WARN_DEPRECATED_OBJC_IMPLEMENTATIONS = YES;
				CLANG_WARN_DIRECT_OBJC_ISA_USAGE = YES_ERROR;
				CLANG_WARN_DOCUMENTATION_COMMENTS = YES;
				CLANG_WARN_EMPTY_BODY = YES;
				CLANG_WARN_ENUM_CONVERSION = YES;
				CLANG_WARN_INFINITE_RECURSION = YES;
				CLANG_WARN_INT_CONVERSION = YES;
				CLANG_WARN_NON_LITERAL_NULL_CONVERSION = YES;
				CLANG_WARN_OBJC_IMPLICIT_RETAIN_SELF = YES;
				CLANG_WARN_OBJC_LITERAL_CONVERSION = YES;
				CLANG_WARN_OBJC_ROOT_CLASS = YES_ERROR;
				CLANG_WARN_QUOTED_INCLUDE_IN_FRAMEWORK_HEADER = YES;
				CLANG_WARN_RANGE_LOOP_ANALYSIS = YES;
				CLANG_WARN_STRICT_PROTOTYPES = YES;
				CLANG_WARN_SUSPICIOUS_MOVE = YES;
				CLANG_WARN_UNGUARDED_AVAILABILITY = YES_AGGRESSIVE;
				CLANG_WARN_UNREACHABLE_CODE = YES;
				CLANG_WARN__DUPLICATE_METHOD_MATCH = YES;
				COPY_PHASE_STRIP = NO;
				DEBUG_INFORMATION_FORMAT = dwarf;
				ENABLE_STRICT_OBJC_MSGSEND = YES;
				ENABLE_TESTABILITY = YES;
				GCC_C_LANGUAGE_STANDARD = gnu11;
				GCC_DYNAMIC_NO_PIC = NO;
				GCC_NO_COMMON_BLOCKS = YES;
				GCC_OPTIMIZATION_LEVEL = 0;
				GCC_PREPROCESSOR_DEFINITIONS = (
					"DEBUG=1",
					"$(inherited)",
				);
				GCC_WARN_64_TO_32_BIT_CONVERSION = YES;
				GCC_WARN_ABOUT_RETURN_TYPE = YES_ERROR;
				GCC_WARN_UNDECLARED_SELECTOR = YES;
				GCC_WARN_UNINITIALIZED_AUTOS = YES_AGGRESSIVE;
				GCC_WARN_UNUSED_FUNCTION = YES;
				GCC_WARN_UNUSED_VARIABLE = YES;
				MTL_ENABLE_DEBUG_INFO = INCLUDE_SOURCE;
				MTL_FAST_MATH = YES;
				ONLY_ACTIVE_ARCH = YES;
				SWIFT_ACTIVE_COMPILATION_CONDITIONS = DEBUG;
				SWIFT_OPTIMIZATION_LEVEL = "-Onone";
			};
			name = Debug;
		};
		6599764A2807F377002A58D0 /* Release */ = {
			isa = XCBuildConfiguration;
			buildSettings = {
				ALWAYS_SEARCH_USER_PATHS = NO;
				CLANG_ANALYZER_NONNULL = YES;
				CLANG_ANALYZER_NUMBER_OBJECT_CONVERSION = YES_AGGRESSIVE;
				CLANG_CXX_LANGUAGE_STANDARD = "gnu++17";
				CLANG_ENABLE_MODULES = YES;
				CLANG_ENABLE_OBJC_ARC = YES;
				CLANG_ENABLE_OBJC_WEAK = YES;
				CLANG_WARN_BLOCK_CAPTURE_AUTORELEASING = YES;
				CLANG_WARN_BOOL_CONVERSION = YES;
				CLANG_WARN_COMMA = YES;
				CLANG_WARN_CONSTANT_CONVERSION = YES;
				CLANG_WARN_DEPRECATED_OBJC_IMPLEMENTATIONS = YES;
				CLANG_WARN_DIRECT_OBJC_ISA_USAGE = YES_ERROR;
				CLANG_WARN_DOCUMENTATION_COMMENTS = YES;
				CLANG_WARN_EMPTY_BODY = YES;
				CLANG_WARN_ENUM_CONVERSION = YES;
				CLANG_WARN_INFINITE_RECURSION = YES;
				CLANG_WARN_INT_CONVERSION = YES;
				CLANG_WARN_NON_LITERAL_NULL_CONVERSION = YES;
				CLANG_WARN_OBJC_IMPLICIT_RETAIN_SELF = YES;
				CLANG_WARN_OBJC_LITERAL_CONVERSION = YES;
				CLANG_WARN_OBJC_ROOT_CLASS = YES_ERROR;
				CLANG_WARN_QUOTED_INCLUDE_IN_FRAMEWORK_HEADER = YES;
				CLANG_WARN_RANGE_LOOP_ANALYSIS = YES;
				CLANG_WARN_STRICT_PROTOTYPES = YES;
				CLANG_WARN_SUSPICIOUS_MOVE = YES;
				CLANG_WARN_UNGUARDED_AVAILABILITY = YES_AGGRESSIVE;
				CLANG_WARN_UNREACHABLE_CODE = YES;
				CLANG_WARN__DUPLICATE_METHOD_MATCH = YES;
				COPY_PHASE_STRIP = NO;
				DEBUG_INFORMATION_FORMAT = "dwarf-with-dsym";
				ENABLE_NS_ASSERTIONS = NO;
				ENABLE_STRICT_OBJC_MSGSEND = YES;
				GCC_C_LANGUAGE_STANDARD = gnu11;
				GCC_NO_COMMON_BLOCKS = YES;
				GCC_WARN_64_TO_32_BIT_CONVERSION = YES;
				GCC_WARN_ABOUT_RETURN_TYPE = YES_ERROR;
				GCC_WARN_UNDECLARED_SELECTOR = YES;
				GCC_WARN_UNINITIALIZED_AUTOS = YES_AGGRESSIVE;
				GCC_WARN_UNUSED_FUNCTION = YES;
				GCC_WARN_UNUSED_VARIABLE = YES;
				MTL_ENABLE_DEBUG_INFO = NO;
				MTL_FAST_MATH = YES;
				SWIFT_COMPILATION_MODE = wholemodule;
				SWIFT_OPTIMIZATION_LEVEL = "-O";
			};
			name = Release;
		};
		6599764C2807F377002A58D0 /* Debug */ = {
			isa = XCBuildConfiguration;
			buildSettings = {
				ASSETCATALOG_COMPILER_APPICON_NAME = AppIcon;
				ASSETCATALOG_COMPILER_GLOBAL_ACCENT_COLOR_NAME = AccentColor;
				CODE_SIGN_STYLE = Automatic;
				CURRENT_PROJECT_VERSION = 1;
				DEVELOPMENT_TEAM = PCTB5RL5K6;
				ENABLE_PREVIEWS = YES;
				GENERATE_INFOPLIST_FILE = YES;
				INFOPLIST_KEY_UIApplicationSceneManifest_Generation = YES;
				INFOPLIST_KEY_UIApplicationSupportsIndirectInputEvents = YES;
				INFOPLIST_KEY_UILaunchScreen_Generation = YES;
				INFOPLIST_KEY_UISupportedInterfaceOrientations_iPad = "UIInterfaceOrientationPortrait UIInterfaceOrientationPortraitUpsideDown UIInterfaceOrientationLandscapeLeft UIInterfaceOrientationLandscapeRight";
				INFOPLIST_KEY_UISupportedInterfaceOrientations_iPhone = "UIInterfaceOrientationPortrait UIInterfaceOrientationLandscapeLeft UIInterfaceOrientationLandscapeRight";
				IPHONEOS_DEPLOYMENT_TARGET = 15.4;
				LD_RUNPATH_SEARCH_PATHS = (
					"$(inherited)",
					"@executable_path/Frameworks",
				);
				MARKETING_VERSION = 1.0;
				PRODUCT_BUNDLE_IDENTIFIER = com.nobodylikesme.cameraScannerIII;
				PRODUCT_NAME = cameraScannerIII;
				SDKROOT = iphoneos;
				SWIFT_EMIT_LOC_STRINGS = YES;
				SWIFT_VERSION = 5.0;
				TARGETED_DEVICE_FAMILY = "1,2";
			};
			name = Debug;
		};
		6599764D2807F377002A58D0 /* Release */ = {
			isa = XCBuildConfiguration;
			buildSettings = {
				ASSETCATALOG_COMPILER_APPICON_NAME = AppIcon;
				ASSETCATALOG_COMPILER_GLOBAL_ACCENT_COLOR_NAME = AccentColor;
				CODE_SIGN_STYLE = Automatic;
				CURRENT_PROJECT_VERSION = 1;
				DEVELOPMENT_TEAM = PCTB5RL5K6;
				ENABLE_PREVIEWS = YES;
				GENERATE_INFOPLIST_FILE = YES;
				INFOPLIST_KEY_UIApplicationSceneManifest_Generation = YES;
				INFOPLIST_KEY_UIApplicationSupportsIndirectInputEvents = YES;
				INFOPLIST_KEY_UILaunchScreen_Generation = YES;
				INFOPLIST_KEY_UISupportedInterfaceOrientations_iPad = "UIInterfaceOrientationPortrait UIInterfaceOrientationPortraitUpsideDown UIInterfaceOrientationLandscapeLeft UIInterfaceOrientationLandscapeRight";
				INFOPLIST_KEY_UISupportedInterfaceOrientations_iPhone = "UIInterfaceOrientationPortrait UIInterfaceOrientationLandscapeLeft UIInterfaceOrientationLandscapeRight";
				IPHONEOS_DEPLOYMENT_TARGET = 15.4;
				LD_RUNPATH_SEARCH_PATHS = (
					"$(inherited)",
					"@executable_path/Frameworks",
				);
				MARKETING_VERSION = 1.0;
				PRODUCT_BUNDLE_IDENTIFIER = com.nobodylikesme.cameraScannerIII;
				PRODUCT_NAME = cameraScannerIII;
				SDKROOT = iphoneos;
				SWIFT_EMIT_LOC_STRINGS = YES;
				SWIFT_VERSION = 5.0;
				TARGETED_DEVICE_FAMILY = "1,2";
				VALIDATE_PRODUCT = YES;
			};
			name = Release;
		};
		6599764F2807F377002A58D0 /* Debug */ = {
			isa = XCBuildConfiguration;
			buildSettings = {
				ASSETCATALOG_COMPILER_APPICON_NAME = AppIcon;
				ASSETCATALOG_COMPILER_GLOBAL_ACCENT_COLOR_NAME = AccentColor;
				CODE_SIGN_ENTITLEMENTS = macOS/macOS.entitlements;
				CODE_SIGN_STYLE = Automatic;
				COMBINE_HIDPI_IMAGES = YES;
				CURRENT_PROJECT_VERSION = 1;
				DEVELOPMENT_TEAM = PCTB5RL5K6;
				ENABLE_HARDENED_RUNTIME = YES;
				ENABLE_PREVIEWS = YES;
				GENERATE_INFOPLIST_FILE = YES;
				INFOPLIST_KEY_NSHumanReadableCopyright = "";
				LD_RUNPATH_SEARCH_PATHS = (
					"$(inherited)",
					"@executable_path/../Frameworks",
				);
				MACOSX_DEPLOYMENT_TARGET = 12.3;
				MARKETING_VERSION = 1.0;
				PRODUCT_BUNDLE_IDENTIFIER = com.nobodylikesme.cameraScannerIII;
				PRODUCT_NAME = cameraScannerIII;
				SDKROOT = macosx;
				SWIFT_EMIT_LOC_STRINGS = YES;
				SWIFT_VERSION = 5.0;
			};
			name = Debug;
		};
		659976502807F377002A58D0 /* Release */ = {
			isa = XCBuildConfiguration;
			buildSettings = {
				ASSETCATALOG_COMPILER_APPICON_NAME = AppIcon;
				ASSETCATALOG_COMPILER_GLOBAL_ACCENT_COLOR_NAME = AccentColor;
				CODE_SIGN_ENTITLEMENTS = macOS/macOS.entitlements;
				CODE_SIGN_STYLE = Automatic;
				COMBINE_HIDPI_IMAGES = YES;
				CURRENT_PROJECT_VERSION = 1;
				DEVELOPMENT_TEAM = PCTB5RL5K6;
				ENABLE_HARDENED_RUNTIME = YES;
				ENABLE_PREVIEWS = YES;
				GENERATE_INFOPLIST_FILE = YES;
				INFOPLIST_KEY_NSHumanReadableCopyright = "";
				LD_RUNPATH_SEARCH_PATHS = (
					"$(inherited)",
					"@executable_path/../Frameworks",
				);
				MACOSX_DEPLOYMENT_TARGET = 12.3;
				MARKETING_VERSION = 1.0;
				PRODUCT_BUNDLE_IDENTIFIER = com.nobodylikesme.cameraScannerIII;
				PRODUCT_NAME = cameraScannerIII;
				SDKROOT = macosx;
				SWIFT_EMIT_LOC_STRINGS = YES;
				SWIFT_VERSION = 5.0;
			};
			name = Release;
		};
		659976522807F377002A58D0 /* Debug */ = {
			isa = XCBuildConfiguration;
			buildSettings = {
				ALWAYS_EMBED_SWIFT_STANDARD_LIBRARIES = YES;
				CODE_SIGN_STYLE = Automatic;
				CURRENT_PROJECT_VERSION = 1;
				DEVELOPMENT_TEAM = PCTB5RL5K6;
				GENERATE_INFOPLIST_FILE = YES;
				IPHONEOS_DEPLOYMENT_TARGET = 15.4;
				MARKETING_VERSION = 1.0;
				PRODUCT_BUNDLE_IDENTIFIER = "com.nobodylikesme.Tests-iOS";
				PRODUCT_NAME = "$(TARGET_NAME)";
				SDKROOT = iphoneos;
				SWIFT_EMIT_LOC_STRINGS = NO;
				SWIFT_VERSION = 5.0;
				TARGETED_DEVICE_FAMILY = "1,2";
				TEST_TARGET_NAME = "cameraScannerIII (iOS)";
			};
			name = Debug;
		};
		659976532807F377002A58D0 /* Release */ = {
			isa = XCBuildConfiguration;
			buildSettings = {
				ALWAYS_EMBED_SWIFT_STANDARD_LIBRARIES = YES;
				CODE_SIGN_STYLE = Automatic;
				CURRENT_PROJECT_VERSION = 1;
				DEVELOPMENT_TEAM = PCTB5RL5K6;
				GENERATE_INFOPLIST_FILE = YES;
				IPHONEOS_DEPLOYMENT_TARGET = 15.4;
				MARKETING_VERSION = 1.0;
				PRODUCT_BUNDLE_IDENTIFIER = "com.nobodylikesme.Tests-iOS";
				PRODUCT_NAME = "$(TARGET_NAME)";
				SDKROOT = iphoneos;
				SWIFT_EMIT_LOC_STRINGS = NO;
				SWIFT_VERSION = 5.0;
				TARGETED_DEVICE_FAMILY = "1,2";
				TEST_TARGET_NAME = "cameraScannerIII (iOS)";
				VALIDATE_PRODUCT = YES;
			};
			name = Release;
		};
		659976552807F377002A58D0 /* Debug */ = {
			isa = XCBuildConfiguration;
			buildSettings = {
				ALWAYS_EMBED_SWIFT_STANDARD_LIBRARIES = YES;
				CODE_SIGN_STYLE = Automatic;
				CURRENT_PROJECT_VERSION = 1;
				DEVELOPMENT_TEAM = PCTB5RL5K6;
				GENERATE_INFOPLIST_FILE = YES;
				MACOSX_DEPLOYMENT_TARGET = 12.3;
				MARKETING_VERSION = 1.0;
				PRODUCT_BUNDLE_IDENTIFIER = "com.nobodylikesme.Tests-macOS";
				PRODUCT_NAME = "$(TARGET_NAME)";
				SDKROOT = macosx;
				SWIFT_EMIT_LOC_STRINGS = NO;
				SWIFT_VERSION = 5.0;
				TEST_TARGET_NAME = "cameraScannerIII (macOS)";
			};
			name = Debug;
		};
		659976562807F377002A58D0 /* Release */ = {
			isa = XCBuildConfiguration;
			buildSettings = {
				ALWAYS_EMBED_SWIFT_STANDARD_LIBRARIES = YES;
				CODE_SIGN_STYLE = Automatic;
				CURRENT_PROJECT_VERSION = 1;
				DEVELOPMENT_TEAM = PCTB5RL5K6;
				GENERATE_INFOPLIST_FILE = YES;
				MACOSX_DEPLOYMENT_TARGET = 12.3;
				MARKETING_VERSION = 1.0;
				PRODUCT_BUNDLE_IDENTIFIER = "com.nobodylikesme.Tests-macOS";
				PRODUCT_NAME = "$(TARGET_NAME)";
				SDKROOT = macosx;
				SWIFT_EMIT_LOC_STRINGS = NO;
				SWIFT_VERSION = 5.0;
				TEST_TARGET_NAME = "cameraScannerIII (macOS)";
			};
			name = Release;
		};
/* End XCBuildConfiguration section */

/* Begin XCConfigurationList section */
		659976192807F376002A58D0 /* Build configuration list for PBXProject "cameraScannerIII" */ = {
			isa = XCConfigurationList;
			buildConfigurations = (
				659976492807F377002A58D0 /* Debug */,
				6599764A2807F377002A58D0 /* Release */,
			);
			defaultConfigurationIsVisible = 0;
			defaultConfigurationName = Release;
		};
		6599764B2807F377002A58D0 /* Build configuration list for PBXNativeTarget "cameraScannerIII (iOS)" */ = {
			isa = XCConfigurationList;
			buildConfigurations = (
				6599764C2807F377002A58D0 /* Debug */,
				6599764D2807F377002A58D0 /* Release */,
			);
			defaultConfigurationIsVisible = 0;
			defaultConfigurationName = Release;
		};
		6599764E2807F377002A58D0 /* Build configuration list for PBXNativeTarget "cameraScannerIII (macOS)" */ = {
			isa = XCConfigurationList;
			buildConfigurations = (
				6599764F2807F377002A58D0 /* Debug */,
				659976502807F377002A58D0 /* Release */,
			);
			defaultConfigurationIsVisible = 0;
			defaultConfigurationName = Release;
		};
		659976512807F377002A58D0 /* Build configuration list for PBXNativeTarget "Tests iOS" */ = {
			isa = XCConfigurationList;
			buildConfigurations = (
				659976522807F377002A58D0 /* Debug */,
				659976532807F377002A58D0 /* Release */,
			);
			defaultConfigurationIsVisible = 0;
			defaultConfigurationName = Release;
		};
		659976542807F377002A58D0 /* Build configuration list for PBXNativeTarget "Tests macOS" */ = {
			isa = XCConfigurationList;
			buildConfigurations = (
				659976552807F377002A58D0 /* Debug */,
				659976562807F377002A58D0 /* Release */,
			);
			defaultConfigurationIsVisible = 0;
			defaultConfigurationName = Release;
		};
/* End XCConfigurationList section */
	};
	rootObject = 659976162807F376002A58D0 /* Project object */;
}
